
Microsoft Visual Studio Solution File, Format Version 12.00
# Visual Studio Version 17
VisualStudioVersion = 17.11.35222.181
MinimumVisualStudioVersion = 10.0.40219.1
Project("{FAE04EC0-301F-11D3-BF4B-00C04F79EFBC}") = "srs6", "srs6\srs6.csproj", "{387E469E-9D04-4C61-BF9C-C2F23908EB86}"
EndProject
Project("{FAE04EC0-301F-11D3-BF4B-00C04F79EFBC}") = "TestProject1", "TestProject1\TestProject1.csproj", "{5B799601-DA04-46F8-B1B8-183BF661EB94}"
EndProject
Global
	GlobalSection(SolutionConfigurationPlatforms) = preSolution
		Debug|Any CPU = Debug|Any CPU
		Release|Any CPU = Release|Any CPU
	EndGlobalSection
	GlobalSection(ProjectConfigurationPlatforms) = postSolution
		{387E469E-9D04-4C61-BF9C-C2F23908EB86}.Debug|Any CPU.ActiveCfg = Debug|Any CPU
		{387E469E-9D04-4C61-BF9C-C2F23908EB86}.Debug|Any CPU.Build.0 = Debug|Any CPU
		{387E469E-9D04-4C61-BF9C-C2F23908EB86}.Release|Any CPU.ActiveCfg = Release|Any CPU
		{387E469E-9D04-4C61-BF9C-C2F23908EB86}.Release|Any CPU.Build.0 = Release|Any CPU
		{5B799601-DA04-46F8-B1B8-183BF661EB94}.Debug|Any CPU.ActiveCfg = Debug|Any CPU
		{5B799601-DA04-46F8-B1B8-183BF661EB94}.Debug|Any CPU.Build.0 = Debug|Any CPU
		{5B799601-DA04-46F8-B1B8-183BF661EB94}.Release|Any CPU.ActiveCfg = Release|Any CPU
		{5B799601-DA04-46F8-B1B8-183BF661EB94}.Release|Any CPU.Build.0 = Release|Any CPU
	EndGlobalSection
	GlobalSection(SolutionProperties) = preSolution
		HideSolutionNode = FALSE
	EndGlobalSection
	GlobalSection(ExtensibilityGlobals) = postSolution
		SolutionGuid = {F53E2206-AF3F-44B5-ACB3-7D5AD939200A}
	EndGlobalSection
EndGlobal
